{
  "name": "koa2-blog",
  "version": "1.0.0",
  "lockfileVersion": 1,
  "requires": true,
  "dependencies": {
    "accepts": {
      "version": "http://registry.npm.taobao.org/accepts/download/accepts-1.3.4.tgz",
      "integrity": "sha1-hiRnWMfdbSGmR0/whKR0DsBesh8=",
      "requires": {
        "mime-types": "http://registry.npm.taobao.org/mime-types/download/mime-types-2.1.17.tgz",
        "negotiator": "https://registry.npm.taobao.org/negotiator/download/negotiator-0.6.1.tgz"
      }
    },
    "any-promise": {
      "version": "https://registry.npm.taobao.org/any-promise/download/any-promise-1.3.0.tgz",
      "integrity": "sha1-q8av7tzqUugJzcA3au0845Y10X8="
    },
    "bignumber.js": {
      "version": "http://registry.npm.taobao.org/bignumber.js/download/bignumber.js-4.0.4.tgz",
      "integrity": "sha1-fED1q80tZiOre5loLufbgbEYiaQ="
    },
    "bluebird": {
      "version": "http://registry.npm.taobao.org/bluebird/download/bluebird-3.5.1.tgz",
      "integrity": "sha1-2VUfnemPH82h5oPRfukaBgLuLrk="
    },
    "bytes": {
      "version": "http://registry.npm.taobao.org/bytes/download/bytes-3.0.0.tgz",
      "integrity": "sha1-0ygVQE1olpn4Wk6k+odV3ROpYEg="
    },
    "charenc": {
      "version": "http://registry.npm.taobao.org/charenc/download/charenc-0.0.2.tgz",
      "integrity": "sha1-wKHS86cJLgN3S/qD8UwPxXkKhmc="
    },
    "co": {
      "version": "https://registry.npm.taobao.org/co/download/co-4.6.0.tgz",
      "integrity": "sha1-bqa989hTrlTMuOR7+gvz+QMfsYQ="
    },
    "co-body": {
      "version": "http://registry.npm.taobao.org/co-body/download/co-body-5.1.1.tgz",
      "integrity": "sha1-2XeB0eM0S6SoIP0YBr3fg0FQUjY=",
      "requires": {
        "inflation": "http://registry.npm.taobao.org/inflation/download/inflation-2.0.0.tgz",
        "qs": "http://registry.npm.taobao.org/qs/download/qs-6.5.1.tgz",
        "raw-body": "http://registry.npm.taobao.org/raw-body/download/raw-body-2.3.2.tgz",
        "type-is": "http://registry.npm.taobao.org/type-is/download/type-is-1.6.15.tgz"
      }
    },
    "co-mysql": {
      "version": "http://registry.npm.taobao.org/co-mysql/download/co-mysql-0.4.1.tgz",
      "integrity": "sha1-cnPr/ydoHAPDivmAvH4o94p7GTk=",
      "requires": {
        "mysql": "http://registry.npm.taobao.org/mysql/download/mysql-2.15.0.tgz"
      }
    },
    "consolidate": {
      "version": "http://registry.npm.taobao.org/consolidate/download/consolidate-0.14.5.tgz",
      "integrity": "sha1-WiUEe8dvcwcmZ8jLUsmJiI9JTGM=",
      "requires": {
        "bluebird": "http://registry.npm.taobao.org/bluebird/download/bluebird-3.5.1.tgz"
      }
    },
    "content-disposition": {
      "version": "https://registry.npm.taobao.org/content-disposition/download/content-disposition-0.5.2.tgz",
      "integrity": "sha1-DPaLud318r55YcOoUXjLhdunjLQ="
    },
    "content-type": {
      "version": "http://registry.npm.taobao.org/content-type/download/content-type-1.0.4.tgz",
      "integrity": "sha1-4TjMdeBAxyexlm/l5fjJruJW/js="
    },
    "cookies": {
      "version": "http://registry.npm.taobao.org/cookies/download/cookies-0.7.1.tgz",
      "integrity": "sha1-fIphX1SBxhq58WyDNzG8uPZjuZs=",
      "requires": {
        "depd": "http://registry.npm.taobao.org/depd/download/depd-1.1.1.tgz",
        "keygrip": "http://registry.npm.taobao.org/keygrip/download/keygrip-1.0.2.tgz"
      }
    },
    "copy-to": {
      "version": "https://registry.npm.taobao.org/copy-to/download/copy-to-2.0.1.tgz",
      "integrity": "sha1-JoD7uAaKSNCGVrYJgJK9r8kG9KU="
    },
    "core-util-is": {
      "version": "https://registry.npm.taobao.org/core-util-is/download/core-util-is-1.0.2.tgz",
      "integrity": "sha1-tf1UIgqivFq1eqtxQMlAdUUDwac="
    },
    "crypt": {
      "version": "http://registry.npm.taobao.org/crypt/download/crypt-0.0.2.tgz",
      "integrity": "sha1-iNf/fsDfuG9xPch7u0LQRNPmxBs="
    },
    "debug": {
      "version": "http://registry.npm.taobao.org/debug/download/debug-3.1.0.tgz",
      "integrity": "sha1-W7WgZyYotkFJVmuhaBnmFRjGcmE=",
      "requires": {
        "ms": "http://registry.npm.taobao.org/ms/download/ms-2.0.0.tgz"
      }
    },
    "deep-equal": {
      "version": "https://registry.npm.taobao.org/deep-equal/download/deep-equal-1.0.1.tgz",
      "integrity": "sha1-9dJgKStmDghO/0zbyfCK0yR0SLU="
    },
    "delegates": {
      "version": "https://registry.npm.taobao.org/delegates/download/delegates-1.0.0.tgz",
      "integrity": "sha1-hMbhWbgZBP3KWaDvRM2HDTElD5o="
    },
    "depd": {
      "version": "http://registry.npm.taobao.org/depd/download/depd-1.1.1.tgz",
      "integrity": "sha1-V4O04cRZ8G+lyif5kfPQbnoxA1k="
    },
    "destroy": {
      "version": "https://registry.npm.taobao.org/destroy/download/destroy-1.0.4.tgz",
      "integrity": "sha1-l4hXRCxEdJ5CBmE+N5RiBYJqvYA="
    },
    "ee-first": {
      "version": "https://registry.npm.taobao.org/ee-first/download/ee-first-1.1.1.tgz",
      "integrity": "sha1-WQxhFWsK4vTwJVcyoViyZrxWsh0="
    },
    "ejs": {
      "version": "2.5.7",
      "resolved": "http://registry.npm.taobao.org/ejs/download/ejs-2.5.7.tgz",
      "integrity": "sha1-zIcsFoiArjxxiXYv1f/ACJbJUYo="
    },
    "error-inject": {
      "version": "http://registry.npm.taobao.org/error-inject/download/error-inject-1.0.0.tgz",
      "integrity": "sha1-4rPZG1Su1nLzCdlQ0VSFD6EdTzc="
    },
    "escape-html": {
      "version": "https://registry.npm.taobao.org/escape-html/download/escape-html-1.0.3.tgz",
      "integrity": "sha1-Aljq5NPQwJdN4cFpGI7wBR0dGYg="
    },
    "fresh": {
      "version": "http://registry.npm.taobao.org/fresh/download/fresh-0.5.2.tgz",
      "integrity": "sha1-PYyt2Q2XZWn6g1qx+OSyOhBWBac="
    },
    "fs-extra": {
      "version": "http://registry.npm.taobao.org/fs-extra/download/fs-extra-4.0.2.tgz",
      "integrity": "sha1-+RcExT0bRh+JNFKwwwfZmXZHq2s=",
      "requires": {
        "graceful-fs": "https://registry.npm.taobao.org/graceful-fs/download/graceful-fs-4.1.11.tgz",
        "jsonfile": "http://registry.npm.taobao.org/jsonfile/download/jsonfile-4.0.0.tgz",
        "universalify": "http://registry.npm.taobao.org/universalify/download/universalify-0.1.1.tgz"
      }
    },
    "get-paths": {
      "version": "http://registry.npm.taobao.org/get-paths/download/get-paths-0.0.2.tgz",
      "integrity": "sha1-qcJ7Go0AbJMaTyb899FUbjrXG+o=",
      "requires": {
        "fs-extra": "http://registry.npm.taobao.org/fs-extra/download/fs-extra-4.0.2.tgz"
      }
    },
    "graceful-fs": {
      "version": "https://registry.npm.taobao.org/graceful-fs/download/graceful-fs-4.1.11.tgz",
      "integrity": "sha1-Dovf5NHduIVNZOBOp8AOKgJuVlg="
    },
    "http-assert": {
      "version": "http://registry.npm.taobao.org/http-assert/download/http-assert-1.3.0.tgz",
      "integrity": "sha1-oxpc+IyHPsu1eWkH1NbxMujAHko=",
      "requires": {
        "deep-equal": "https://registry.npm.taobao.org/deep-equal/download/deep-equal-1.0.1.tgz",
        "http-errors": "http://registry.npm.taobao.org/http-errors/download/http-errors-1.6.2.tgz"
      }
    },
    "http-errors": {
      "version": "http://registry.npm.taobao.org/http-errors/download/http-errors-1.6.2.tgz",
      "integrity": "sha1-CgAsyFcHGSp+eUbO7cERVfYOxzY=",
      "requires": {
        "depd": "http://registry.npm.taobao.org/depd/download/depd-1.1.1.tgz",
        "inherits": "https://registry.npm.taobao.org/inherits/download/inherits-2.0.3.tgz",
        "setprototypeof": "http://registry.npm.taobao.org/setprototypeof/download/setprototypeof-1.0.3.tgz",
        "statuses": "https://registry.npm.taobao.org/statuses/download/statuses-1.3.1.tgz"
      }
    },
    "iconv-lite": {
      "version": "http://registry.npm.taobao.org/iconv-lite/download/iconv-lite-0.4.19.tgz",
      "integrity": "sha1-90aPYBNfXl2tM5nAqBvpoWA6CCs="
    },
    "inflation": {
      "version": "http://registry.npm.taobao.org/inflation/download/inflation-2.0.0.tgz",
      "integrity": "sha1-i0F+R8KPklpFEz2RTKH9OJEH8w8="
    },
    "inherits": {
      "version": "https://registry.npm.taobao.org/inherits/download/inherits-2.0.3.tgz",
      "integrity": "sha1-Yzwsg+PaQqUC9SRmAiSA9CCCYd4="
    },
    "is-buffer": {
      "version": "http://registry.npm.taobao.org/is-buffer/download/is-buffer-1.1.5.tgz",
      "integrity": "sha1-Hzsm72E7IUuIy8ojzGwB2Hlh7sw="
    },
    "is-generator-function": {
      "version": "http://registry.npm.taobao.org/is-generator-function/download/is-generator-function-1.0.6.tgz",
      "integrity": "sha1-nnFlPNFf/zQcecQVFGChMdMen8Q="
    },
    "isarray": {
      "version": "https://registry.npm.taobao.org/isarray/download/isarray-1.0.0.tgz",
      "integrity": "sha1-u5NdSFgsuhaMBoNJV6VKPgcSTxE="
    },
    "jsonfile": {
      "version": "http://registry.npm.taobao.org/jsonfile/download/jsonfile-4.0.0.tgz",
      "integrity": "sha1-h3Gq4HmbZAdrdmQPygWPnBDjPss=",
      "requires": {
        "graceful-fs": "https://registry.npm.taobao.org/graceful-fs/download/graceful-fs-4.1.11.tgz"
      }
    },
    "keygrip": {
      "version": "http://registry.npm.taobao.org/keygrip/download/keygrip-1.0.2.tgz",
      "integrity": "sha1-rTKXxVcGneqLz+ek+kkbdcXd65E="
    },
    "koa": {
      "version": "http://registry.npm.taobao.org/koa/download/koa-2.3.0.tgz",
      "integrity": "sha1-nh6OTaQBg5xXuFJ+rcV/dhJ1Vac=",
      "requires": {
        "accepts": "http://registry.npm.taobao.org/accepts/download/accepts-1.3.4.tgz",
        "content-disposition": "https://registry.npm.taobao.org/content-disposition/download/content-disposition-0.5.2.tgz",
        "content-type": "http://registry.npm.taobao.org/content-type/download/content-type-1.0.4.tgz",
        "cookies": "http://registry.npm.taobao.org/cookies/download/cookies-0.7.1.tgz",
        "debug": "http://registry.npm.taobao.org/debug/download/debug-3.1.0.tgz",
        "delegates": "https://registry.npm.taobao.org/delegates/download/delegates-1.0.0.tgz",
        "depd": "http://registry.npm.taobao.org/depd/download/depd-1.1.1.tgz",
        "destroy": "https://registry.npm.taobao.org/destroy/download/destroy-1.0.4.tgz",
        "error-inject": "http://registry.npm.taobao.org/error-inject/download/error-inject-1.0.0.tgz",
        "escape-html": "https://registry.npm.taobao.org/escape-html/download/escape-html-1.0.3.tgz",
        "fresh": "http://registry.npm.taobao.org/fresh/download/fresh-0.5.2.tgz",
        "http-assert": "http://registry.npm.taobao.org/http-assert/download/http-assert-1.3.0.tgz",
        "http-errors": "http://registry.npm.taobao.org/http-errors/download/http-errors-1.6.2.tgz",
        "is-generator-function": "http://registry.npm.taobao.org/is-generator-function/download/is-generator-function-1.0.6.tgz",
        "koa-compose": "http://registry.npm.taobao.org/koa-compose/download/koa-compose-4.0.0.tgz",
        "koa-convert": "http://registry.npm.taobao.org/koa-convert/download/koa-convert-1.2.0.tgz",
        "koa-is-json": "http://registry.npm.taobao.org/koa-is-json/download/koa-is-json-1.0.0.tgz",
        "mime-types": "http://registry.npm.taobao.org/mime-types/download/mime-types-2.1.17.tgz",
        "on-finished": "https://registry.npm.taobao.org/on-finished/download/on-finished-2.3.0.tgz",
        "only": "http://registry.npm.taobao.org/only/download/only-0.0.2.tgz",
        "parseurl": "http://registry.npm.taobao.org/parseurl/download/parseurl-1.3.2.tgz",
        "statuses": "https://registry.npm.taobao.org/statuses/download/statuses-1.3.1.tgz",
        "type-is": "http://registry.npm.taobao.org/type-is/download/type-is-1.6.15.tgz",
        "vary": "http://registry.npm.taobao.org/vary/download/vary-1.1.2.tgz"
      }
    },
    "koa-bodyparser": {
      "version": "http://registry.npm.taobao.org/koa-bodyparser/download/koa-bodyparser-4.2.0.tgz",
      "integrity": "sha1-vObgi8Zfhwm20fqpQRx/DYk4qlQ=",
      "requires": {
        "co-body": "http://registry.npm.taobao.org/co-body/download/co-body-5.1.1.tgz",
        "copy-to": "https://registry.npm.taobao.org/copy-to/download/copy-to-2.0.1.tgz"
      }
    },
    "koa-compose": {
      "version": "http://registry.npm.taobao.org/koa-compose/download/koa-compose-4.0.0.tgz",
      "integrity": "sha1-KAClE9nDYe8NY4UrA45Pby1adzw="
    },
    "koa-convert": {
      "version": "http://registry.npm.taobao.org/koa-convert/download/koa-convert-1.2.0.tgz",
      "integrity": "sha1-2kCHXfSd4FOQmNFwC1CCDOvNIdA=",
      "requires": {
        "co": "https://registry.npm.taobao.org/co/download/co-4.6.0.tgz",
        "koa-compose": "http://registry.npm.taobao.org/koa-compose/download/koa-compose-3.2.1.tgz"
      },
      "dependencies": {
        "koa-compose": {
          "version": "http://registry.npm.taobao.org/koa-compose/download/koa-compose-3.2.1.tgz",
          "integrity": "sha1-qFzLQLfZhtjlo0Wzoazo6rz1Tec=",
          "requires": {
            "any-promise": "https://registry.npm.taobao.org/any-promise/download/any-promise-1.3.0.tgz"
          }
        }
      }
    },
    "koa-is-json": {
      "version": "http://registry.npm.taobao.org/koa-is-json/download/koa-is-json-1.0.0.tgz",
      "integrity": "sha1-JzwH7c3Ljfaiwat9We52SRRR7BQ="
    },
    "koa-mysql-session": {
      "version": "http://registry.npm.taobao.org/koa-mysql-session/download/koa-mysql-session-0.0.2.tgz",
      "integrity": "sha1-t/MvTdLDel95kiYXl8WTc3BO3Ik=",
      "requires": {
        "co": "http://registry.npm.taobao.org/co/download/co-3.1.0.tgz",
        "co-mysql": "http://registry.npm.taobao.org/co-mysql/download/co-mysql-0.4.1.tgz"
      },
      "dependencies": {
        "co": {
          "version": "http://registry.npm.taobao.org/co/download/co-3.1.0.tgz",
          "integrity": "sha1-TqVOpaCJOBUxheFSEMaNkJK8G3g="
        }
      }
    },
    "koa-router": {
      "version": "http://registry.npm.taobao.org/koa-router/download/koa-router-7.2.1.tgz",
      "integrity": "sha1-tApKs8attLQIld69AKnGQDBOMDk=",
      "requires": {
        "debug": "http://registry.npm.taobao.org/debug/download/debug-2.6.9.tgz",
        "http-errors": "http://registry.npm.taobao.org/http-errors/download/http-errors-1.6.2.tgz",
        "koa-compose": "http://registry.npm.taobao.org/koa-compose/download/koa-compose-3.2.1.tgz",
        "methods": "https://registry.npm.taobao.org/methods/download/methods-1.1.2.tgz",
        "path-to-regexp": "http://registry.npm.taobao.org/path-to-regexp/download/path-to-regexp-1.7.0.tgz"
      },
      "dependencies": {
        "debug": {
          "version": "http://registry.npm.taobao.org/debug/download/debug-2.6.9.tgz",
          "integrity": "sha1-XRKFFd8TT/Mn6QpMk/Tgd6U2NB8=",
          "requires": {
            "ms": "http://registry.npm.taobao.org/ms/download/ms-2.0.0.tgz"
          }
        },
        "koa-compose": {
          "version": "http://registry.npm.taobao.org/koa-compose/download/koa-compose-3.2.1.tgz",
          "integrity": "sha1-qFzLQLfZhtjlo0Wzoazo6rz1Tec=",
          "requires": {
            "any-promise": "https://registry.npm.taobao.org/any-promise/download/any-promise-1.3.0.tgz"
          }
        }
      }
    },
    "koa-send": {
      "version": "http://registry.npm.taobao.org/koa-send/download/koa-send-4.1.1.tgz",
      "integrity": "sha1-vT+hFrH1kvX/8jyWcKrml4f2y1c=",
      "requires": {
        "debug": "http://registry.npm.taobao.org/debug/download/debug-2.6.9.tgz",
        "http-errors": "http://registry.npm.taobao.org/http-errors/download/http-errors-1.6.2.tgz",
        "mz": "http://registry.npm.taobao.org/mz/download/mz-2.7.0.tgz",
        "resolve-path": "http://registry.npm.taobao.org/resolve-path/download/resolve-path-1.3.3.tgz"
      },
      "dependencies": {
        "debug": {
          "version": "http://registry.npm.taobao.org/debug/download/debug-2.6.9.tgz",
          "integrity": "sha1-XRKFFd8TT/Mn6QpMk/Tgd6U2NB8=",
          "requires": {
            "ms": "http://registry.npm.taobao.org/ms/download/ms-2.0.0.tgz"
          }
        }
      }
    },
    "koa-session-minimal": {
      "version": "http://registry.npm.taobao.org/koa-session-minimal/download/koa-session-minimal-3.0.4.tgz",
      "integrity": "sha1-1qFb7u131dPiakIdu5imH2Oor80=",
      "requires": {
        "co": "https://registry.npm.taobao.org/co/download/co-4.6.0.tgz",
        "deep-equal": "https://registry.npm.taobao.org/deep-equal/download/deep-equal-1.0.1.tgz",
        "uid-safe": "http://registry.npm.taobao.org/uid-safe/download/uid-safe-2.1.5.tgz"
      }
    },
    "koa-static": {
      "version": "http://registry.npm.taobao.org/koa-static/download/koa-static-4.0.1.tgz",
      "integrity": "sha1-uZUh7YSNett5rK6cgk2NgneoxNU=",
      "requires": {
        "debug": "http://registry.npm.taobao.org/debug/download/debug-2.6.9.tgz",
        "koa-send": "http://registry.npm.taobao.org/koa-send/download/koa-send-4.1.1.tgz"
      },
      "dependencies": {
        "debug": {
          "version": "http://registry.npm.taobao.org/debug/download/debug-2.6.9.tgz",
          "integrity": "sha1-XRKFFd8TT/Mn6QpMk/Tgd6U2NB8=",
          "requires": {
            "ms": "http://registry.npm.taobao.org/ms/download/ms-2.0.0.tgz"
          }
        }
      }
    },
    "koa-views": {
      "version": "http://registry.npm.taobao.org/koa-views/download/koa-views-6.1.1.tgz",
      "integrity": "sha1-Ko80jyTzwnxsicyELVCod6ZNdiE=",
      "requires": {
        "consolidate": "http://registry.npm.taobao.org/consolidate/download/consolidate-0.14.5.tgz",
        "debug": "http://registry.npm.taobao.org/debug/download/debug-3.1.0.tgz",
        "get-paths": "http://registry.npm.taobao.org/get-paths/download/get-paths-0.0.2.tgz",
        "koa-send": "http://registry.npm.taobao.org/koa-send/download/koa-send-4.1.1.tgz",
        "mz": "http://registry.npm.taobao.org/mz/download/mz-2.7.0.tgz"
      }
    },
    "md5": {
      "version": "http://registry.npm.taobao.org/md5/download/md5-2.2.1.tgz",
      "integrity": "sha1-U6s41f48iJG6RlMp6iP6wFQBJvk=",
      "requires": {
        "charenc": "http://registry.npm.taobao.org/charenc/download/charenc-0.0.2.tgz",
        "crypt": "http://registry.npm.taobao.org/crypt/download/crypt-0.0.2.tgz",
        "is-buffer": "http://registry.npm.taobao.org/is-buffer/download/is-buffer-1.1.5.tgz"
      }
    },
    "media-typer": {
      "version": "https://registry.npm.taobao.org/media-typer/download/media-typer-0.3.0.tgz",
      "integrity": "sha1-hxDXrwqmJvj/+hzgAWhUUmMlV0g="
    },
    "methods": {
      "version": "https://registry.npm.taobao.org/methods/download/methods-1.1.2.tgz",
      "integrity": "sha1-VSmk1nZUE07cxSZmVoNbD4Ua/O4="
    },
    "mime-db": {
      "version": "http://registry.npm.taobao.org/mime-db/download/mime-db-1.30.0.tgz",
      "integrity": "sha1-dMZD2i3Z1qRTmZY0ZbJtXKfXHwE="
    },
    "mime-types": {
      "version": "http://registry.npm.taobao.org/mime-types/download/mime-types-2.1.17.tgz",
      "integrity": "sha1-Cdejk/A+mVp5+K+Fe3Cp4KsWVXo=",
      "requires": {
        "mime-db": "http://registry.npm.taobao.org/mime-db/download/mime-db-1.30.0.tgz"
      }
    },
    "moment": {
      "version": "http://registry.npm.taobao.org/moment/download/moment-2.19.0.tgz",
      "integrity": "sha1-RPZ172uUSUJ2JYGxwXn7Z55ZnWc="
    },
    "ms": {
      "version": "http://registry.npm.taobao.org/ms/download/ms-2.0.0.tgz",
      "integrity": "sha1-VgiurfwAvmwpAd9fmGF4jeDVl8g="
    },
    "mysql": {
      "version": "http://registry.npm.taobao.org/mysql/download/mysql-2.15.0.tgz",
      "integrity": "sha1-6haEEVY0Po8uR/yJhexBzdlXO1w=",
      "requires": {
        "bignumber.js": "http://registry.npm.taobao.org/bignumber.js/download/bignumber.js-4.0.4.tgz",
        "readable-stream": "http://registry.npm.taobao.org/readable-stream/download/readable-stream-2.3.3.tgz",
        "safe-buffer": "http://registry.npm.taobao.org/safe-buffer/download/safe-buffer-5.1.1.tgz",
        "sqlstring": "http://registry.npm.taobao.org/sqlstring/download/sqlstring-2.3.0.tgz"
      }
    },
    "mz": {
      "version": "http://registry.npm.taobao.org/mz/download/mz-2.7.0.tgz",
      "integrity": "sha1-lQCAV6Vsr63CvGPd5/n/aVWUjjI=",
      "requires": {
        "any-promise": "https://registry.npm.taobao.org/any-promise/download/any-promise-1.3.0.tgz",
        "object-assign": "https://registry.npm.taobao.org/object-assign/download/object-assign-4.1.1.tgz",
        "thenify-all": "https://registry.npm.taobao.org/thenify-all/download/thenify-all-1.6.0.tgz"
      }
    },
    "negotiator": {
      "version": "https://registry.npm.taobao.org/negotiator/download/negotiator-0.6.1.tgz",
      "integrity": "sha1-KzJxhOiZIQEXeyhWP7XnECrNDKk="
    },
    "object-assign": {
      "version": "https://registry.npm.taobao.org/object-assign/download/object-assign-4.1.1.tgz",
      "integrity": "sha1-IQmtx5ZYh8/AXLvUQsrIv7s2CGM="
    },
    "on-finished": {
      "version": "https://registry.npm.taobao.org/on-finished/download/on-finished-2.3.0.tgz",
      "integrity": "sha1-IPEzZIGwg811M3mSoWlxqi2QaUc=",
      "requires": {
        "ee-first": "https://registry.npm.taobao.org/ee-first/download/ee-first-1.1.1.tgz"
      }
    },
    "only": {
      "version": "http://registry.npm.taobao.org/only/download/only-0.0.2.tgz",
      "integrity": "sha1-Kv3oTQPlC5qO3EROMGEKcCle37Q="
    },
    "parseurl": {
      "version": "http://registry.npm.taobao.org/parseurl/download/parseurl-1.3.2.tgz",
      "integrity": "sha1-/CidTtiZMRlGDBViUyYs3I3mW/M="
    },
    "path-is-absolute": {
      "version": "https://registry.npm.taobao.org/path-is-absolute/download/path-is-absolute-1.0.1.tgz",
      "integrity": "sha1-F0uSaHNVNP+8es5r9TpanhtcX18="
    },
    "path-to-regexp": {
      "version": "http://registry.npm.taobao.org/path-to-regexp/download/path-to-regexp-1.7.0.tgz",
      "integrity": "sha1-Wf3g9DW62suhA6hOnTvGTpa5k30=",
      "requires": {
        "isarray": "https://registry.npm.taobao.org/isarray/download/isarray-0.0.1.tgz"
      },
      "dependencies": {
        "isarray": {
          "version": "https://registry.npm.taobao.org/isarray/download/isarray-0.0.1.tgz",
          "integrity": "sha1-ihis/Kmo9Bd+Cav8YDiTmwXR7t8="
        }
      }
    },
    "process-nextick-args": {
      "version": "https://registry.npm.taobao.org/process-nextick-args/download/process-nextick-args-1.0.7.tgz",
      "integrity": "sha1-FQ4gt1ZZCtP5EJPyWk8q2L/zC6M="
    },
    "qs": {
      "version": "http://registry.npm.taobao.org/qs/download/qs-6.5.1.tgz",
      "integrity": "sha1-NJzfbu+J7EXBLX1es/wMhwNDptg="
    },
    "random-bytes": {
      "version": "https://registry.npm.taobao.org/random-bytes/download/random-bytes-1.0.0.tgz",
      "integrity": "sha1-T2ih3Arli9P7lYSMMDJNt11kNgs="
    },
    "raw-body": {
      "version": "http://registry.npm.taobao.org/raw-body/download/raw-body-2.3.2.tgz",
      "integrity": "sha1-vNYMd9Prk83gBQKVw/N5OJvIj4k=",
      "requires": {
        "bytes": "http://registry.npm.taobao.org/bytes/download/bytes-3.0.0.tgz",
        "http-errors": "http://registry.npm.taobao.org/http-errors/download/http-errors-1.6.2.tgz",
        "iconv-lite": "http://registry.npm.taobao.org/iconv-lite/download/iconv-lite-0.4.19.tgz",
        "unpipe": "https://registry.npm.taobao.org/unpipe/download/unpipe-1.0.0.tgz"
      }
    },
    "readable-stream": {
      "version": "http://registry.npm.taobao.org/readable-stream/download/readable-stream-2.3.3.tgz",
      "integrity": "sha1-No8lEtefnUb9/HE0mueHi7weuVw=",
      "requires": {
        "core-util-is": "https://registry.npm.taobao.org/core-util-is/download/core-util-is-1.0.2.tgz",
        "inherits": "https://registry.npm.taobao.org/inherits/download/inherits-2.0.3.tgz",
        "isarray": "https://registry.npm.taobao.org/isarray/download/isarray-1.0.0.tgz",
        "process-nextick-args": "https://registry.npm.taobao.org/process-nextick-args/download/process-nextick-args-1.0.7.tgz",
        "safe-buffer": "http://registry.npm.taobao.org/safe-buffer/download/safe-buffer-5.1.1.tgz",
        "string_decoder": "http://registry.npm.taobao.org/string_decoder/download/string_decoder-1.0.3.tgz",
        "util-deprecate": "https://registry.npm.taobao.org/util-deprecate/download/util-deprecate-1.0.2.tgz"
      }
    },
    "resolve-path": {
      "version": "http://registry.npm.taobao.org/resolve-path/download/resolve-path-1.3.3.tgz",
      "integrity": "sha1-TYOrpkaMK45jKldeP1Kw+g2+Glw=",
      "requires": {
        "http-errors": "https://registry.npm.taobao.org/http-errors/download/http-errors-1.5.1.tgz",
        "path-is-absolute": "https://registry.npm.taobao.org/path-is-absolute/download/path-is-absolute-1.0.1.tgz"
      },
      "dependencies": {
        "http-errors": {
          "version": "https://registry.npm.taobao.org/http-errors/download/http-errors-1.5.1.tgz",
          "integrity": "sha1-eIwNLB3iyBuebowBhDtrl+uSB1A=",
          "requires": {
            "inherits": "https://registry.npm.taobao.org/inherits/download/inherits-2.0.3.tgz",
            "setprototypeof": "https://registry.npm.taobao.org/setprototypeof/download/setprototypeof-1.0.2.tgz",
            "statuses": "https://registry.npm.taobao.org/statuses/download/statuses-1.3.1.tgz"
          }
        },
        "setprototypeof": {
          "version": "https://registry.npm.taobao.org/setprototypeof/download/setprototypeof-1.0.2.tgz",
          "integrity": "sha1-gaVSFB7BBLiOic44MQOtXGZWTQg="
        }
      }
    },
    "safe-buffer": {
      "version": "http://registry.npm.taobao.org/safe-buffer/download/safe-buffer-5.1.1.tgz",
      "integrity": "sha1-iTMSr2myEj3vcfV4iQAWce6yyFM="
    },
    "setprototypeof": {
      "version": "http://registry.npm.taobao.org/setprototypeof/download/setprototypeof-1.0.3.tgz",
      "integrity": "sha1-ZlZ+NwQ+608E2RvWWMDL77VbjgQ="
    },
    "sqlstring": {
      "version": "http://registry.npm.taobao.org/sqlstring/download/sqlstring-2.3.0.tgz",
      "integrity": "sha1-UluKT9Jtb3GqYegipsr5dtMa0qg="
    },
    "statuses": {
      "version": "https://registry.npm.taobao.org/statuses/download/statuses-1.3.1.tgz",
      "integrity": "sha1-+vUbnrdKrvOzrPStX2Gr8ky3uT4="
    },
    "string_decoder": {
      "version": "http://registry.npm.taobao.org/string_decoder/download/string_decoder-1.0.3.tgz",
      "integrity": "sha1-D8Z9fBQYJd6UKC3VNr7GubzoYKs=",
      "requires": {
        "safe-buffer": "http://registry.npm.taobao.org/safe-buffer/download/safe-buffer-5.1.1.tgz"
      }
    },
    "supervisor": {
      "version": "http://registry.npm.taobao.org/supervisor/download/supervisor-0.12.0.tgz",
      "integrity": "sha1-3n5jNwFbKRhRwQ81OMSn8EkX7ME="
    },
    "thenify": {
      "version": "http://registry.npm.taobao.org/thenify/download/thenify-3.3.0.tgz",
      "integrity": "sha1-5p44obq+lpsBCCB5eLn2K4hgSDk=",
      "requires": {
        "any-promise": "https://registry.npm.taobao.org/any-promise/download/any-promise-1.3.0.tgz"
      }
    },
    "thenify-all": {
      "version": "https://registry.npm.taobao.org/thenify-all/download/thenify-all-1.6.0.tgz",
      "integrity": "sha1-GhkY1ALY/D+Y+/I02wvMjMEOlyY=",
      "requires": {
        "thenify": "http://registry.npm.taobao.org/thenify/download/thenify-3.3.0.tgz"
      }
    },
    "type-is": {
      "version": "http://registry.npm.taobao.org/type-is/download/type-is-1.6.15.tgz",
      "integrity": "sha1-yrEPtJCeRByChC6v4a1kbIGARBA=",
      "requires": {
        "media-typer": "https://registry.npm.taobao.org/media-typer/download/media-typer-0.3.0.tgz",
        "mime-types": "http://registry.npm.taobao.org/mime-types/download/mime-types-2.1.17.tgz"
      }
    },
    "uid-safe": {
      "version": "http://registry.npm.taobao.org/uid-safe/download/uid-safe-2.1.5.tgz",
      "integrity": "sha1-Kz1cckDo/C5Y+Komnl7knAhXvTo=",
      "requires": {
        "random-bytes": "https://registry.npm.taobao.org/random-bytes/download/random-bytes-1.0.0.tgz"
      }
    },
    "universalify": {
      "version": "http://registry.npm.taobao.org/universalify/download/universalify-0.1.1.tgz",
      "integrity": "sha1-+nG63UQ3r0wUiEHjs7Fl+enlkLc="
    },
    "unpipe": {
      "version": "https://registry.npm.taobao.org/unpipe/download/unpipe-1.0.0.tgz",
      "integrity": "sha1-sr9O6FFKrmFltIF4KdIbLvSZBOw="
    },
    "util-deprecate": {
      "version": "https://registry.npm.taobao.org/util-deprecate/download/util-deprecate-1.0.2.tgz",
      "integrity": "sha1-RQ1Nyfpw3nMnYvvS1KKJgUGaDM8="
    },
    "vary": {
      "version": "http://registry.npm.taobao.org/vary/download/vary-1.1.2.tgz",
      "integrity": "sha1-IpnwLG3tMNSllhsLn3RSShj2NPw="
    }
  }
}
